PODS:
  - JSONModel (1.1.2)
  - Masonry (0.6.3)
  - ReactiveCocoa (2.5):
    - ReactiveCocoa/UI (= 2.5)
  - ReactiveCocoa/Core (2.5):
    - ReactiveCocoa/no-arc
  - ReactiveCocoa/no-arc (2.5)
  - ReactiveCocoa/UI (2.5):
    - ReactiveCocoa/Core

DEPENDENCIES:
  - JSONModel
  - Masonry
  - ReactiveCocoa

SPEC CHECKSUMS:
  JSONModel: 216584d0311b053ff714f1d6cb700dbf890847bc
  Masonry: ff105a956abcd19a618b2028b121cb638d7a8e2f
  ReactiveCocoa: e2db045570aa97c695e7aa97c2bcab222ae51f4a

COCOAPODS: 0.39.0
